
Microsoft Visual Studio Solution File, Format Version 12.00
# Visual Studio Version 16
VisualStudioVersion = 16.0.30517.126
MinimumVisualStudioVersion = 10.0.40219.1
Project("{FAE04EC0-301F-11D3-BF4B-00C04F79EFBC}") = "BitCoinCalculato", "BitCoinCalculato\BitCoinCalculato.csproj", "{0850A3A3-1808-4FFE-8C56-11274F2BF2E3}"
EndProject
Global
	GlobalSection(SolutionConfigurationPlatforms) = preSolution
		Debug|Any CPU = Debug|Any CPU
		Release|Any CPU = Release|Any CPU
	EndGlobalSection
	GlobalSection(ProjectConfigurationPlatforms) = postSolution
		{0850A3A3-1808-4FFE-8C56-11274F2BF2E3}.Debug|Any CPU.ActiveCfg = Debug|Any CPU
		{0850A3A3-1808-4FFE-8C56-11274F2BF2E3}.Debug|Any CPU.Build.0 = Debug|Any CPU
		{0850A3A3-1808-4FFE-8C56-11274F2BF2E3}.Release|Any CPU.ActiveCfg = Release|Any CPU
		{0850A3A3-1808-4FFE-8C56-11274F2BF2E3}.Release|Any CPU.Build.0 = Release|Any CPU
	EndGlobalSection
	GlobalSection(SolutionProperties) = preSolution
		HideSolutionNode = FALSE
	EndGlobalSection
	GlobalSection(ExtensibilityGlobals) = postSolution
		SolutionGuid = {860EFE14-D3DE-43F8-83B7-D9802D8D6023}
	EndGlobalSection
EndGlobal
